
Microsoft Visual Studio Solution File, Format Version 12.00
# Visual Studio Version 17
VisualStudioVersion = 17.7.34031.279
MinimumVisualStudioVersion = 10.0.40219.1
Project("{9A19103F-16F7-4668-BE54-9A1E7A4F7556}") = "BulkyWeb", "BulkyWeb\BulkyWeb.csproj", "{F069CF3C-890A-4FE3-8700-54E00F3D632B}"
EndProject
Project("{9A19103F-16F7-4668-BE54-9A1E7A4F7556}") = "BulkyWebRazor_Temp", "BulkyWebRazor_Temp\BulkyWebRazor_Temp.csproj", "{20BE389C-CE84-41EB-81E2-F8E65F4006BB}"
EndProject
Global
	GlobalSection(SolutionConfigurationPlatforms) = preSolution
		Debug|Any CPU = Debug|Any CPU
		Release|Any CPU = Release|Any CPU
	EndGlobalSection
	GlobalSection(ProjectConfigurationPlatforms) = postSolution
		{F069CF3C-890A-4FE3-8700-54E00F3D632B}.Debug|Any CPU.ActiveCfg = Debug|Any CPU
		{F069CF3C-890A-4FE3-8700-54E00F3D632B}.Debug|Any CPU.Build.0 = Debug|Any CPU
		{F069CF3C-890A-4FE3-8700-54E00F3D632B}.Release|Any CPU.ActiveCfg = Release|Any CPU
		{F069CF3C-890A-4FE3-8700-54E00F3D632B}.Release|Any CPU.Build.0 = Release|Any CPU
		{20BE389C-CE84-41EB-81E2-F8E65F4006BB}.Debug|Any CPU.ActiveCfg = Debug|Any CPU
		{20BE389C-CE84-41EB-81E2-F8E65F4006BB}.Debug|Any CPU.Build.0 = Debug|Any CPU
		{20BE389C-CE84-41EB-81E2-F8E65F4006BB}.Release|Any CPU.ActiveCfg = Release|Any CPU
		{20BE389C-CE84-41EB-81E2-F8E65F4006BB}.Release|Any CPU.Build.0 = Release|Any CPU
	EndGlobalSection
	GlobalSection(SolutionProperties) = preSolution
		HideSolutionNode = FALSE
	EndGlobalSection
	GlobalSection(ExtensibilityGlobals) = postSolution
		SolutionGuid = {C8263671-28F1-4B00-8381-89FCC8D4CCCB}
	EndGlobalSection
EndGlobal
